
Microsoft Visual Studio Solution File, Format Version 12.00
# Visual Studio 15
Project("{FAE04EC0-301F-11D3-BF4B-00C04F79EFBC}") = "Assembly-CSharp", "Assembly-CSharp.csproj", "{D790657D-6538-3AA9-D51B-59A162F225B5}"
EndProject
Global
	GlobalSection(SolutionConfigurationPlatforms) = preSolution
		Debug|Any CPU = Debug|Any CPU
		Release|Any CPU = Release|Any CPU
	EndGlobalSection
	GlobalSection(ProjectConfigurationPlatforms) = postSolution
		{D790657D-6538-3AA9-D51B-59A162F225B5}.Debug|Any CPU.ActiveCfg = Debug|Any CPU
		{D790657D-6538-3AA9-D51B-59A162F225B5}.Debug|Any CPU.Build.0 = Debug|Any CPU
		{D790657D-6538-3AA9-D51B-59A162F225B5}.Release|Any CPU.ActiveCfg = Release|Any CPU
		{D790657D-6538-3AA9-D51B-59A162F225B5}.Release|Any CPU.Build.0 = Release|Any CPU
	EndGlobalSection
	GlobalSection(SolutionProperties) = preSolution
		HideSolutionNode = FALSE
	EndGlobalSection
EndGlobal
